github.com/cluttrdev/cli v0.0.0-20250719095132-732c23cca50b h1:g1Kd84VBrJ5pqc0EmEDBI7nOy5o7OQDaXo2nPSZ7pG8=
github.com/cluttrdev/cli v0.0.0-20250719095132-732c23cca50b/go.mod h1:Yo/r2O/t6guxglvLWE11UXM/0uEcjWPlK3poxjXktWc=
github.com/google/go-cmp v0.7.0 h1:wk8382ETsv4JYUZwIsn6YpYiWiBsYLSJiTsyBybVuN8=
github.com/google/go-cmp v0.7.0/go.mod h1:pXiqmnSA92OHEEa9HXL2W4E7lf9JzCmGVUdgjX3N/iU=
